
Microsoft Visual Studio Solution File, Format Version 9.00
# Visual Studio 2005
Project("{FAE04EC0-301F-11D3-BF4B-00C04F79EFBC}") = "ADPConnectionDrivers", "ADPConnectionDrivers\ADPConnectionDrivers.csproj", "{0F6E82C1-B0F0-4D46-A478-3788EBB110D7}"
EndProject
Project("{FAE04EC0-301F-11D3-BF4B-00C04F79EFBC}") = "ADPServerLibrary", "ADPServerLibrary\ADPServerLibrary.csproj", "{CEEF83E7-A002-4425-9813-ADD11F5DB878}"
EndProject
Project("{FAE04EC0-301F-11D3-BF4B-00C04F79EFBC}") = "TestClientApplication", "TestClientApplication\TestClientApplication.csproj", "{262B823F-8E11-4484-BC66-69F36BB095F6}"
EndProject
Project("{FAE04EC0-301F-11D3-BF4B-00C04F79EFBC}") = "ADPServer", "ADPServer\ADPServer.csproj", "{C43619DB-FDFB-4633-9FE2-665FB8E88C2E}"
EndProject
Project("{FAE04EC0-301F-11D3-BF4B-00C04F79EFBC}") = "ADPCommon", "ADPCommon\ADPCommon.csproj", "{E9C46FCF-0055-44B2-AADC-1084BE7C7BF9}"
EndProject
Project("{FAE04EC0-301F-11D3-BF4B-00C04F79EFBC}") = "ADPClientLibrary", "ADPClientLibrary\ADPClientLibrary.csproj", "{5DE86E9C-CB67-4D01-BD81-2D7D0858D555}"
EndProject
Project("{FAE04EC0-301F-11D3-BF4B-00C04F79EFBC}") = "ADPObjects", "ADPObjects\ADPObjects.csproj", "{7B46BCBD-4D00-4275-88FF-5E8EFCE4CCED}"
EndProject
Project("{FAE04EC0-301F-11D3-BF4B-00C04F79EFBC}") = "ADPSampleObjectLibrary", "ADPSampleObjectLibrary\ADPSampleObjectLibrary.csproj", "{7571B77B-1FD9-4A62-880A-9933CB10AF43}"
EndProject
Project("{FAE04EC0-301F-11D3-BF4B-00C04F79EFBC}") = "SampleApp", "ADPSampleObjectLibrary\SampleApp\SampleApp.csproj", "{C41CF0EB-91D0-4943-BA32-CFED363ACB32}"
EndProject
Project("{FAE04EC0-301F-11D3-BF4B-00C04F79EFBC}") = "ADPServerGuardian", "ADPServerGuardian\ADPServerGuardian.csproj", "{3ECE82BC-CBAF-46DA-A723-D9A0067EA0C5}"
EndProject
Project("{54435603-DBB4-11D2-8724-00A0C9A8B90C}") = "ADPServerSetup", "ADPServerSetup\ADPServerSetup.vdproj", "{9D039B1E-D819-4174-B4A7-C4864338C0BC}"
EndProject
Project("{2150E333-8FDC-42A3-9474-1A3956D46DE8}") = "Test Applications", "Test Applications", "{84EE8485-7046-458D-9ABC-1B09F1992C5C}"
EndProject
Project("{2150E333-8FDC-42A3-9474-1A3956D46DE8}") = "Client Libraries", "Client Libraries", "{C3323125-11B2-4188-81DA-3220DD623AA8}"
EndProject
Project("{2150E333-8FDC-42A3-9474-1A3956D46DE8}") = "Tools", "Tools", "{D5FB29EE-5562-4806-9BD8-467840D02EFA}"
EndProject
Project("{2150E333-8FDC-42A3-9474-1A3956D46DE8}") = "Server Libraries", "Server Libraries", "{6477883C-960A-4457-9228-4185F39FFF4D}"
EndProject
Project("{FAE04EC0-301F-11D3-BF4B-00C04F79EFBC}") = "ADPServerMonitor", "ADPServerMonitor\ADPServerMonitor.csproj", "{3234F5CD-D66D-4069-8A5E-3CE8A89782C2}"
EndProject
Project("{FAE04EC0-301F-11D3-BF4B-00C04F79EFBC}") = "ADPStatementBuilder", "ADPStatementBuilder\ADPStatementBuilder.csproj", "{E510638D-EB40-43A3-9612-DB6E0EEA8DF0}"
EndProject
Project("{2150E333-8FDC-42A3-9474-1A3956D46DE8}") = "Server Applications", "Server Applications", "{3DF1C8AD-B3F1-489C-A9FD-F2CD0B358503}"
EndProject
Project("{2150E333-8FDC-42A3-9474-1A3956D46DE8}") = "Libraries", "Libraries", "{5BE19F3D-83C1-49D1-858C-B71C29CC2776}"
EndProject
Project("{2150E333-8FDC-42A3-9474-1A3956D46DE8}") = "Applications", "Applications", "{DD6774C6-F576-42DB-85AF-829F960E49C7}"
EndProject
Project("{FAE04EC0-301F-11D3-BF4B-00C04F79EFBC}") = "TestDelimitedFile", "TestDelimitedFile\TestDelimitedFile.csproj", "{7EDFEB59-E5BB-4CA5-A033-8315EC738E4B}"
EndProject
Project("{FAE04EC0-301F-11D3-BF4B-00C04F79EFBC}") = "ADPStmtBuilder", "ADPStmtBuilder\ADPStmtBuilder.csproj", "{2411A9D3-28ED-4C48-918D-AB0EFB6B066E}"
EndProject
Global
	GlobalSection(SolutionConfigurationPlatforms) = preSolution
		Debug|Any CPU = Debug|Any CPU
		Release|Any CPU = Release|Any CPU
	EndGlobalSection
	GlobalSection(ProjectConfigurationPlatforms) = postSolution
		{0F6E82C1-B0F0-4D46-A478-3788EBB110D7}.Debug|Any CPU.ActiveCfg = Debug|Any CPU
		{0F6E82C1-B0F0-4D46-A478-3788EBB110D7}.Debug|Any CPU.Build.0 = Debug|Any CPU
		{0F6E82C1-B0F0-4D46-A478-3788EBB110D7}.Release|Any CPU.ActiveCfg = Release|Any CPU
		{0F6E82C1-B0F0-4D46-A478-3788EBB110D7}.Release|Any CPU.Build.0 = Release|Any CPU
		{CEEF83E7-A002-4425-9813-ADD11F5DB878}.Debug|Any CPU.ActiveCfg = Debug|Any CPU
		{CEEF83E7-A002-4425-9813-ADD11F5DB878}.Debug|Any CPU.Build.0 = Debug|Any CPU
		{CEEF83E7-A002-4425-9813-ADD11F5DB878}.Release|Any CPU.ActiveCfg = Release|Any CPU
		{CEEF83E7-A002-4425-9813-ADD11F5DB878}.Release|Any CPU.Build.0 = Release|Any CPU
		{262B823F-8E11-4484-BC66-69F36BB095F6}.Debug|Any CPU.ActiveCfg = Debug|Any CPU
		{262B823F-8E11-4484-BC66-69F36BB095F6}.Debug|Any CPU.Build.0 = Debug|Any CPU
		{262B823F-8E11-4484-BC66-69F36BB095F6}.Release|Any CPU.ActiveCfg = Release|Any CPU
		{262B823F-8E11-4484-BC66-69F36BB095F6}.Release|Any CPU.Build.0 = Release|Any CPU
		{C43619DB-FDFB-4633-9FE2-665FB8E88C2E}.Debug|Any CPU.ActiveCfg = Debug|Any CPU
		{C43619DB-FDFB-4633-9FE2-665FB8E88C2E}.Debug|Any CPU.Build.0 = Debug|Any CPU
		{C43619DB-FDFB-4633-9FE2-665FB8E88C2E}.Release|Any CPU.ActiveCfg = Release|Any CPU
		{C43619DB-FDFB-4633-9FE2-665FB8E88C2E}.Release|Any CPU.Build.0 = Release|Any CPU
		{E9C46FCF-0055-44B2-AADC-1084BE7C7BF9}.Debug|Any CPU.ActiveCfg = Debug|Any CPU
		{E9C46FCF-0055-44B2-AADC-1084BE7C7BF9}.Debug|Any CPU.Build.0 = Debug|Any CPU
		{E9C46FCF-0055-44B2-AADC-1084BE7C7BF9}.Release|Any CPU.ActiveCfg = Release|Any CPU
		{E9C46FCF-0055-44B2-AADC-1084BE7C7BF9}.Release|Any CPU.Build.0 = Release|Any CPU
		{5DE86E9C-CB67-4D01-BD81-2D7D0858D555}.Debug|Any CPU.ActiveCfg = Debug|Any CPU
		{5DE86E9C-CB67-4D01-BD81-2D7D0858D555}.Debug|Any CPU.Build.0 = Debug|Any CPU
		{5DE86E9C-CB67-4D01-BD81-2D7D0858D555}.Release|Any CPU.ActiveCfg = Release|Any CPU
		{5DE86E9C-CB67-4D01-BD81-2D7D0858D555}.Release|Any CPU.Build.0 = Release|Any CPU
		{7B46BCBD-4D00-4275-88FF-5E8EFCE4CCED}.Debug|Any CPU.ActiveCfg = Debug|Any CPU
		{7B46BCBD-4D00-4275-88FF-5E8EFCE4CCED}.Debug|Any CPU.Build.0 = Debug|Any CPU
		{7B46BCBD-4D00-4275-88FF-5E8EFCE4CCED}.Release|Any CPU.ActiveCfg = Release|Any CPU
		{7B46BCBD-4D00-4275-88FF-5E8EFCE4CCED}.Release|Any CPU.Build.0 = Release|Any CPU
		{7571B77B-1FD9-4A62-880A-9933CB10AF43}.Debug|Any CPU.ActiveCfg = Debug|Any CPU
		{7571B77B-1FD9-4A62-880A-9933CB10AF43}.Debug|Any CPU.Build.0 = Debug|Any CPU
		{7571B77B-1FD9-4A62-880A-9933CB10AF43}.Release|Any CPU.ActiveCfg = Release|Any CPU
		{7571B77B-1FD9-4A62-880A-9933CB10AF43}.Release|Any CPU.Build.0 = Release|Any CPU
		{C41CF0EB-91D0-4943-BA32-CFED363ACB32}.Debug|Any CPU.ActiveCfg = Debug|Any CPU
		{C41CF0EB-91D0-4943-BA32-CFED363ACB32}.Debug|Any CPU.Build.0 = Debug|Any CPU
		{C41CF0EB-91D0-4943-BA32-CFED363ACB32}.Release|Any CPU.ActiveCfg = Release|Any CPU
		{C41CF0EB-91D0-4943-BA32-CFED363ACB32}.Release|Any CPU.Build.0 = Release|Any CPU
		{3ECE82BC-CBAF-46DA-A723-D9A0067EA0C5}.Debug|Any CPU.ActiveCfg = Debug|Any CPU
		{3ECE82BC-CBAF-46DA-A723-D9A0067EA0C5}.Debug|Any CPU.Build.0 = Debug|Any CPU
		{3ECE82BC-CBAF-46DA-A723-D9A0067EA0C5}.Release|Any CPU.ActiveCfg = Release|Any CPU
		{3ECE82BC-CBAF-46DA-A723-D9A0067EA0C5}.Release|Any CPU.Build.0 = Release|Any CPU
		{9D039B1E-D819-4174-B4A7-C4864338C0BC}.Debug|Any CPU.ActiveCfg = Debug
		{9D039B1E-D819-4174-B4A7-C4864338C0BC}.Release|Any CPU.ActiveCfg = Release
		{3234F5CD-D66D-4069-8A5E-3CE8A89782C2}.Debug|Any CPU.ActiveCfg = Debug|Any CPU
		{3234F5CD-D66D-4069-8A5E-3CE8A89782C2}.Debug|Any CPU.Build.0 = Debug|Any CPU
		{3234F5CD-D66D-4069-8A5E-3CE8A89782C2}.Release|Any CPU.ActiveCfg = Release|Any CPU
		{3234F5CD-D66D-4069-8A5E-3CE8A89782C2}.Release|Any CPU.Build.0 = Release|Any CPU
		{E510638D-EB40-43A3-9612-DB6E0EEA8DF0}.Debug|Any CPU.ActiveCfg = Debug|Any CPU
		{E510638D-EB40-43A3-9612-DB6E0EEA8DF0}.Debug|Any CPU.Build.0 = Debug|Any CPU
		{E510638D-EB40-43A3-9612-DB6E0EEA8DF0}.Release|Any CPU.ActiveCfg = Release|Any CPU
		{E510638D-EB40-43A3-9612-DB6E0EEA8DF0}.Release|Any CPU.Build.0 = Release|Any CPU
		{7EDFEB59-E5BB-4CA5-A033-8315EC738E4B}.Debug|Any CPU.ActiveCfg = Debug|Any CPU
		{7EDFEB59-E5BB-4CA5-A033-8315EC738E4B}.Debug|Any CPU.Build.0 = Debug|Any CPU
		{7EDFEB59-E5BB-4CA5-A033-8315EC738E4B}.Release|Any CPU.ActiveCfg = Release|Any CPU
		{7EDFEB59-E5BB-4CA5-A033-8315EC738E4B}.Release|Any CPU.Build.0 = Release|Any CPU
		{2411A9D3-28ED-4C48-918D-AB0EFB6B066E}.Debug|Any CPU.ActiveCfg = Debug|Any CPU
		{2411A9D3-28ED-4C48-918D-AB0EFB6B066E}.Debug|Any CPU.Build.0 = Debug|Any CPU
		{2411A9D3-28ED-4C48-918D-AB0EFB6B066E}.Release|Any CPU.ActiveCfg = Release|Any CPU
		{2411A9D3-28ED-4C48-918D-AB0EFB6B066E}.Release|Any CPU.Build.0 = Release|Any CPU
	EndGlobalSection
	GlobalSection(SolutionProperties) = preSolution
		HideSolutionNode = FALSE
	EndGlobalSection
	GlobalSection(NestedProjects) = preSolution
		{6477883C-960A-4457-9228-4185F39FFF4D} = {5BE19F3D-83C1-49D1-858C-B71C29CC2776}
		{C3323125-11B2-4188-81DA-3220DD623AA8} = {5BE19F3D-83C1-49D1-858C-B71C29CC2776}
		{CEEF83E7-A002-4425-9813-ADD11F5DB878} = {6477883C-960A-4457-9228-4185F39FFF4D}
		{0F6E82C1-B0F0-4D46-A478-3788EBB110D7} = {6477883C-960A-4457-9228-4185F39FFF4D}
		{D5FB29EE-5562-4806-9BD8-467840D02EFA} = {DD6774C6-F576-42DB-85AF-829F960E49C7}
		{3DF1C8AD-B3F1-489C-A9FD-F2CD0B358503} = {DD6774C6-F576-42DB-85AF-829F960E49C7}
		{84EE8485-7046-458D-9ABC-1B09F1992C5C} = {DD6774C6-F576-42DB-85AF-829F960E49C7}
		{E510638D-EB40-43A3-9612-DB6E0EEA8DF0} = {D5FB29EE-5562-4806-9BD8-467840D02EFA}
		{2411A9D3-28ED-4C48-918D-AB0EFB6B066E} = {D5FB29EE-5562-4806-9BD8-467840D02EFA}
		{3ECE82BC-CBAF-46DA-A723-D9A0067EA0C5} = {3DF1C8AD-B3F1-489C-A9FD-F2CD0B358503}
		{9D039B1E-D819-4174-B4A7-C4864338C0BC} = {3DF1C8AD-B3F1-489C-A9FD-F2CD0B358503}
		{3234F5CD-D66D-4069-8A5E-3CE8A89782C2} = {3DF1C8AD-B3F1-489C-A9FD-F2CD0B358503}
		{C43619DB-FDFB-4633-9FE2-665FB8E88C2E} = {3DF1C8AD-B3F1-489C-A9FD-F2CD0B358503}
		{5DE86E9C-CB67-4D01-BD81-2D7D0858D555} = {C3323125-11B2-4188-81DA-3220DD623AA8}
		{7B46BCBD-4D00-4275-88FF-5E8EFCE4CCED} = {C3323125-11B2-4188-81DA-3220DD623AA8}
		{E9C46FCF-0055-44B2-AADC-1084BE7C7BF9} = {C3323125-11B2-4188-81DA-3220DD623AA8}
		{C41CF0EB-91D0-4943-BA32-CFED363ACB32} = {84EE8485-7046-458D-9ABC-1B09F1992C5C}
		{7571B77B-1FD9-4A62-880A-9933CB10AF43} = {84EE8485-7046-458D-9ABC-1B09F1992C5C}
		{262B823F-8E11-4484-BC66-69F36BB095F6} = {84EE8485-7046-458D-9ABC-1B09F1992C5C}
		{7EDFEB59-E5BB-4CA5-A033-8315EC738E4B} = {84EE8485-7046-458D-9ABC-1B09F1992C5C}
	EndGlobalSection
EndGlobal
